
Microsoft Visual Studio Solution File, Format Version 10.00
# Visual Studio 2008
Project("{2150E333-8FDC-42A3-9474-1A3956D46DE8}") = "Editors", "Editors", "{7F380F69-74FD-4586-B158-4B3CFBCEA3BB}"
EndProject
Project("{2150E333-8FDC-42A3-9474-1A3956D46DE8}") = "Dependency", "Dependency", "{7DA190DB-9A5A-48D7-B539-5DF1437D3284}"
EndProject
Project("{8BC9CEB8-8B4A-11D0-8D11-00A0C91BC942}") = "CHBasedCD", "CHBasedCD\CHBasedCD.vcproj", "{3D595471-3B92-4B8F-A277-D5C8600B09FC}"
EndProject
Project("{8BC9CEB8-8B4A-11D0-8D11-00A0C91BC942}") = "ElementClient", "ElementClient\ElementClient.vcproj", "{E7DEE4F9-8055-4736-88EE-EE4DF9150DAC}"
	ProjectSection(ProjectDependencies) = postProject
		{5E35DC0D-055F-4A9F-8E3B-68C11766242E} = {5E35DC0D-055F-4A9F-8E3B-68C11766242E}
		{6E3DFA1C-FA1E-4432-BE25-35BC391F3BC8} = {6E3DFA1C-FA1E-4432-BE25-35BC391F3BC8}
		{CED5CF55-DF0C-4865-90AB-CF2EC25A2510} = {CED5CF55-DF0C-4865-90AB-CF2EC25A2510}
		{3CCF5466-E3A1-4D18-A0B7-55086C237839} = {3CCF5466-E3A1-4D18-A0B7-55086C237839}
		{3D595471-3B92-4B8F-A277-D5C8600B09FC} = {3D595471-3B92-4B8F-A277-D5C8600B09FC}
		{0FA3BAC0-0FBA-49FB-BFF7-D4345BC2CCC2} = {0FA3BAC0-0FBA-49FB-BFF7-D4345BC2CCC2}
	EndProjectSection
EndProject
Project("{8BC9CEB8-8B4A-11D0-8D11-00A0C91BC942}") = "ElementData", "ElementData\ElementData.vcproj", "{ADE5EBC0-F428-46AD-AF19-15DB626F2070}"
	ProjectSection(ProjectDependencies) = postProject
		{6E3DFA1C-FA1E-4432-BE25-35BC391F3BC8} = {6E3DFA1C-FA1E-4432-BE25-35BC391F3BC8}
	EndProjectSection
EndProject
Project("{8BC9CEB8-8B4A-11D0-8D11-00A0C91BC942}") = "ElementDataExporter", "ElementDataExporter\SDSElementDataExporter.vcproj", "{7BD5E83F-85A2-4861-B978-62A2D841EE15}"
	ProjectSection(ProjectDependencies) = postProject
		{6E3DFA1C-FA1E-4432-BE25-35BC391F3BC8} = {6E3DFA1C-FA1E-4432-BE25-35BC391F3BC8}
	EndProjectSection
EndProject
Project("{8BC9CEB8-8B4A-11D0-8D11-00A0C91BC942}") = "AudioUtility", "AudioUtility\AudioUtility.vcproj", "{0FA3BAC0-0FBA-49FB-BFF7-D4345BC2CCC2}"
EndProject
Project("{8BC9CEB8-8B4A-11D0-8D11-00A0C91BC942}") = "ElementEditor", "ElementEditor\ElementEditor.vcproj", "{1BABF8C0-9568-43E3-9E07-E7852E353B4A}"
	ProjectSection(ProjectDependencies) = postProject
		{0946B82D-46C5-4EEE-8FC9-884CBDBC4EAB} = {0946B82D-46C5-4EEE-8FC9-884CBDBC4EAB}
		{3D595471-3B92-4B8F-A277-D5C8600B09FC} = {3D595471-3B92-4B8F-A277-D5C8600B09FC}
		{0FA3BAC0-0FBA-49FB-BFF7-D4345BC2CCC2} = {0FA3BAC0-0FBA-49FB-BFF7-D4345BC2CCC2}
	EndProjectSection
EndProject
Project("{8BC9CEB8-8B4A-11D0-8D11-00A0C91BC942}") = "UTStaticLib", "UltimateToolbox\UTStaticLib.vcproj", "{0946B82D-46C5-4EEE-8FC9-884CBDBC4EAB}"
EndProject
Project("{8BC9CEB8-8B4A-11D0-8D11-00A0C91BC942}") = "TaskTemplEditor", "TaskTemplEditor\TaskTemplEditor.vcproj", "{1A6EA4DA-F267-44C6-8210-1EB768B93DE4}"
EndProject
Project("{8BC9CEB8-8B4A-11D0-8D11-00A0C91BC942}") = "ElementSkill", "ElementSkill\ElementSkill.vcproj", "{3CCF5466-E3A1-4D18-A0B7-55086C237839}"
	ProjectSection(ProjectDependencies) = postProject
		{58E06326-B5E3-4721-A1AE-5A1B73D80B93} = {58E06326-B5E3-4721-A1AE-5A1B73D80B93}
	EndProjectSection
EndProject
Project("{8BC9CEB8-8B4A-11D0-8D11-00A0C91BC942}") = "ElementIconTool", "IconTool\ElementIconTool.vcproj", "{D2D8F915-4D73-4A4F-881A-F23A2DE72CDA}"
	ProjectSection(ProjectDependencies) = postProject
		{58E06326-B5E3-4721-A1AE-5A1B73D80B93} = {58E06326-B5E3-4721-A1AE-5A1B73D80B93}
		{CED5CF55-DF0C-4865-90AB-CF2EC25A2510} = {CED5CF55-DF0C-4865-90AB-CF2EC25A2510}
		{3CCF5466-E3A1-4D18-A0B7-55086C237839} = {3CCF5466-E3A1-4D18-A0B7-55086C237839}
	EndProjectSection
EndProject
Project("{8BC9CEB8-8B4A-11D0-8D11-00A0C91BC942}") = "NmdTool", "NmdTool\SDSNmdTool.vcproj", "{7F66CFE9-437B-40FB-806C-F571395A70AC}"
EndProject
Project("{8BC9CEB8-8B4A-11D0-8D11-00A0C91BC942}") = "HintTool", "HintTool\SDSHintTool.vcproj", "{2B38CF9F-6045-47FE-B05B-91367253DDB1}"
	ProjectSection(ProjectDependencies) = postProject
		{6E3DFA1C-FA1E-4432-BE25-35BC391F3BC8} = {6E3DFA1C-FA1E-4432-BE25-35BC391F3BC8}
		{58E06326-B5E3-4721-A1AE-5A1B73D80B93} = {58E06326-B5E3-4721-A1AE-5A1B73D80B93}
		{CED5CF55-DF0C-4865-90AB-CF2EC25A2510} = {CED5CF55-DF0C-4865-90AB-CF2EC25A2510}
		{3CCF5466-E3A1-4D18-A0B7-55086C237839} = {3CCF5466-E3A1-4D18-A0B7-55086C237839}
		{2523ECE5-C771-457F-9405-7BFA5DE1DB50} = {2523ECE5-C771-457F-9405-7BFA5DE1DB50}
	EndProjectSection
EndProject
Project("{8BC9CEB8-8B4A-11D0-8D11-00A0C91BC942}") = "LuaModules", "LuaModules\LuaModules.vcproj", "{6E3DFA1C-FA1E-4432-BE25-35BC391F3BC8}"
EndProject
Project("{8BC9CEB8-8B4A-11D0-8D11-00A0C91BC942}") = "LuaWrapper", "LuaWrapper\LuaWrapper.vcproj", "{58E06326-B5E3-4721-A1AE-5A1B73D80B93}"
	ProjectSection(ProjectDependencies) = postProject
		{2523ECE5-C771-457F-9405-7BFA5DE1DB50} = {2523ECE5-C771-457F-9405-7BFA5DE1DB50}
	EndProjectSection
EndProject
Project("{8BC9CEB8-8B4A-11D0-8D11-00A0C91BC942}") = "A3DPlatform", "A3DPlatform\A3DPlatform.vcproj", "{CED5CF55-DF0C-4865-90AB-CF2EC25A2510}"
	ProjectSection(ProjectDependencies) = postProject
		{58E06326-B5E3-4721-A1AE-5A1B73D80B93} = {58E06326-B5E3-4721-A1AE-5A1B73D80B93}
		{F269CB2A-43E8-4C03-A04C-EDC752E8B0B8} = {F269CB2A-43E8-4C03-A04C-EDC752E8B0B8}
		{65B587D0-E310-4550-8E58-77EAF9501E92} = {65B587D0-E310-4550-8E58-77EAF9501E92}
	EndProjectSection
EndProject
Project("{2150E333-8FDC-42A3-9474-1A3956D46DE8}") = "Core", "Core", "{BEE461D2-383C-4901-B40A-4C91DAFDA667}"
EndProject
Project("{8BC9CEB8-8B4A-11D0-8D11-00A0C91BC942}") = "AUInterface", "AUInterface2\AUInterface_2.2.vcproj", "{65B587D0-E310-4550-8E58-77EAF9501E92}"
	ProjectSection(ProjectDependencies) = postProject
		{58E06326-B5E3-4721-A1AE-5A1B73D80B93} = {58E06326-B5E3-4721-A1AE-5A1B73D80B93}
		{F269CB2A-43E8-4C03-A04C-EDC752E8B0B8} = {F269CB2A-43E8-4C03-A04C-EDC752E8B0B8}
	EndProjectSection
EndProject
Project("{8BC9CEB8-8B4A-11D0-8D11-00A0C91BC942}") = "GfxCommon", "GfxCommon2\GfxCommon2.2.vcproj", "{F269CB2A-43E8-4C03-A04C-EDC752E8B0B8}"
	ProjectSection(ProjectDependencies) = postProject
		{58E06326-B5E3-4721-A1AE-5A1B73D80B93} = {58E06326-B5E3-4721-A1AE-5A1B73D80B93}
	EndProjectSection
EndProject
Project("{8BC9CEB8-8B4A-11D0-8D11-00A0C91BC942}") = "Lua5_1", "Lua5_1\Lua5_1.vcproj", "{2523ECE5-C771-457F-9405-7BFA5DE1DB50}"
EndProject
Project("{8BC9CEB8-8B4A-11D0-8D11-00A0C91BC942}") = "DataBuffer", "DataBuffer\DataBuffer.vcproj", "{5E35DC0D-055F-4A9F-8E3B-68C11766242E}"
EndProject
Project("{8BC9CEB8-8B4A-11D0-8D11-00A0C91BC942}") = "AnimationEditor", "AnimationEditor\AnimationEditor.vcproj", "{2ABBC55B-6402-412E-87A2-3261DF3C55FA}"
	ProjectSection(ProjectDependencies) = postProject
		{F269CB2A-43E8-4C03-A04C-EDC752E8B0B8} = {F269CB2A-43E8-4C03-A04C-EDC752E8B0B8}
		{CED5CF55-DF0C-4865-90AB-CF2EC25A2510} = {CED5CF55-DF0C-4865-90AB-CF2EC25A2510}
	EndProjectSection
EndProject
Project("{8BC9CEB8-8B4A-11D0-8D11-00A0C91BC942}") = "HintToolService", "HintToolService\HintToolService.vcproj", "{A488FB05-EEF1-41DF-9B0F-E66A59FFC706}"
EndProject
Global
	GlobalSection(SolutionConfigurationPlatforms) = preSolution
		DbgRelease|Win32 = DbgRelease|Win32
		DbgRelease|x64 = DbgRelease|x64
		Debug|Win32 = Debug|Win32
		Debug|x64 = Debug|x64
		Release|Win32 = Release|Win32
		Release|x64 = Release|x64
		Unit_Test|Win32 = Unit_Test|Win32
		Unit_Test|x64 = Unit_Test|x64
	EndGlobalSection
	GlobalSection(ProjectConfigurationPlatforms) = postSolution
		{3D595471-3B92-4B8F-A277-D5C8600B09FC}.DbgRelease|Win32.ActiveCfg = DbgRelease|Win32
		{3D595471-3B92-4B8F-A277-D5C8600B09FC}.DbgRelease|Win32.Build.0 = DbgRelease|Win32
		{3D595471-3B92-4B8F-A277-D5C8600B09FC}.DbgRelease|x64.ActiveCfg = DbgRelease|Win32
		{3D595471-3B92-4B8F-A277-D5C8600B09FC}.Debug|Win32.ActiveCfg = Debug|Win32
		{3D595471-3B92-4B8F-A277-D5C8600B09FC}.Debug|Win32.Build.0 = Debug|Win32
		{3D595471-3B92-4B8F-A277-D5C8600B09FC}.Debug|x64.ActiveCfg = Debug|Win32
		{3D595471-3B92-4B8F-A277-D5C8600B09FC}.Release|Win32.ActiveCfg = Release|Win32
		{3D595471-3B92-4B8F-A277-D5C8600B09FC}.Release|Win32.Build.0 = Release|Win32
		{3D595471-3B92-4B8F-A277-D5C8600B09FC}.Release|x64.ActiveCfg = Release|Win32
		{3D595471-3B92-4B8F-A277-D5C8600B09FC}.Unit_Test|Win32.ActiveCfg = Release|Win32
		{3D595471-3B92-4B8F-A277-D5C8600B09FC}.Unit_Test|Win32.Build.0 = Release|Win32
		{3D595471-3B92-4B8F-A277-D5C8600B09FC}.Unit_Test|x64.ActiveCfg = DbgRelease|Win32
		{E7DEE4F9-8055-4736-88EE-EE4DF9150DAC}.DbgRelease|Win32.ActiveCfg = DbgRelease|Win32
		{E7DEE4F9-8055-4736-88EE-EE4DF9150DAC}.DbgRelease|Win32.Build.0 = DbgRelease|Win32
		{E7DEE4F9-8055-4736-88EE-EE4DF9150DAC}.DbgRelease|x64.ActiveCfg = DbgRelease|Win32
		{E7DEE4F9-8055-4736-88EE-EE4DF9150DAC}.Debug|Win32.ActiveCfg = Debug|Win32
		{E7DEE4F9-8055-4736-88EE-EE4DF9150DAC}.Debug|Win32.Build.0 = Debug|Win32
		{E7DEE4F9-8055-4736-88EE-EE4DF9150DAC}.Debug|x64.ActiveCfg = Debug|Win32
		{E7DEE4F9-8055-4736-88EE-EE4DF9150DAC}.Release|Win32.ActiveCfg = Release|Win32
		{E7DEE4F9-8055-4736-88EE-EE4DF9150DAC}.Release|Win32.Build.0 = Release|Win32
		{E7DEE4F9-8055-4736-88EE-EE4DF9150DAC}.Release|x64.ActiveCfg = Release|Win32
		{E7DEE4F9-8055-4736-88EE-EE4DF9150DAC}.Unit_Test|Win32.ActiveCfg = Unit_Test|Win32
		{E7DEE4F9-8055-4736-88EE-EE4DF9150DAC}.Unit_Test|Win32.Build.0 = Unit_Test|Win32
		{E7DEE4F9-8055-4736-88EE-EE4DF9150DAC}.Unit_Test|x64.ActiveCfg = Unit_Test|Win32
		{ADE5EBC0-F428-46AD-AF19-15DB626F2070}.DbgRelease|Win32.ActiveCfg = Release|Win32
		{ADE5EBC0-F428-46AD-AF19-15DB626F2070}.DbgRelease|Win32.Build.0 = Release|Win32
		{ADE5EBC0-F428-46AD-AF19-15DB626F2070}.DbgRelease|x64.ActiveCfg = Release|Win32
		{ADE5EBC0-F428-46AD-AF19-15DB626F2070}.Debug|Win32.ActiveCfg = Debug|Win32
		{ADE5EBC0-F428-46AD-AF19-15DB626F2070}.Debug|Win32.Build.0 = Debug|Win32
		{ADE5EBC0-F428-46AD-AF19-15DB626F2070}.Debug|x64.ActiveCfg = Debug|Win32
		{ADE5EBC0-F428-46AD-AF19-15DB626F2070}.Release|Win32.ActiveCfg = Release|Win32
		{ADE5EBC0-F428-46AD-AF19-15DB626F2070}.Release|Win32.Build.0 = Release|Win32
		{ADE5EBC0-F428-46AD-AF19-15DB626F2070}.Release|x64.ActiveCfg = Release|Win32
		{ADE5EBC0-F428-46AD-AF19-15DB626F2070}.Unit_Test|Win32.ActiveCfg = Release|Win32
		{ADE5EBC0-F428-46AD-AF19-15DB626F2070}.Unit_Test|Win32.Build.0 = Release|Win32
		{ADE5EBC0-F428-46AD-AF19-15DB626F2070}.Unit_Test|x64.ActiveCfg = Debug|Win32
		{7BD5E83F-85A2-4861-B978-62A2D841EE15}.DbgRelease|Win32.ActiveCfg = Release|Win32
		{7BD5E83F-85A2-4861-B978-62A2D841EE15}.DbgRelease|Win32.Build.0 = Release|Win32
		{7BD5E83F-85A2-4861-B978-62A2D841EE15}.DbgRelease|x64.ActiveCfg = Release|Win32
		{7BD5E83F-85A2-4861-B978-62A2D841EE15}.Debug|Win32.ActiveCfg = Debug|Win32
		{7BD5E83F-85A2-4861-B978-62A2D841EE15}.Debug|Win32.Build.0 = Debug|Win32
		{7BD5E83F-85A2-4861-B978-62A2D841EE15}.Debug|x64.ActiveCfg = Debug|Win32
		{7BD5E83F-85A2-4861-B978-62A2D841EE15}.Release|Win32.ActiveCfg = Release|Win32
		{7BD5E83F-85A2-4861-B978-62A2D841EE15}.Release|Win32.Build.0 = Release|Win32
		{7BD5E83F-85A2-4861-B978-62A2D841EE15}.Release|x64.ActiveCfg = Release|Win32
		{7BD5E83F-85A2-4861-B978-62A2D841EE15}.Unit_Test|Win32.ActiveCfg = Release|Win32
		{7BD5E83F-85A2-4861-B978-62A2D841EE15}.Unit_Test|Win32.Build.0 = Release|Win32
		{7BD5E83F-85A2-4861-B978-62A2D841EE15}.Unit_Test|x64.ActiveCfg = Release|Win32
		{0FA3BAC0-0FBA-49FB-BFF7-D4345BC2CCC2}.DbgRelease|Win32.ActiveCfg = DbgRelease|Win32
		{0FA3BAC0-0FBA-49FB-BFF7-D4345BC2CCC2}.DbgRelease|Win32.Build.0 = DbgRelease|Win32
		{0FA3BAC0-0FBA-49FB-BFF7-D4345BC2CCC2}.DbgRelease|x64.ActiveCfg = DbgRelease|Win32
		{0FA3BAC0-0FBA-49FB-BFF7-D4345BC2CCC2}.Debug|Win32.ActiveCfg = Debug|Win32
		{0FA3BAC0-0FBA-49FB-BFF7-D4345BC2CCC2}.Debug|Win32.Build.0 = Debug|Win32
		{0FA3BAC0-0FBA-49FB-BFF7-D4345BC2CCC2}.Debug|x64.ActiveCfg = Debug|Win32
		{0FA3BAC0-0FBA-49FB-BFF7-D4345BC2CCC2}.Release|Win32.ActiveCfg = Release|Win32
		{0FA3BAC0-0FBA-49FB-BFF7-D4345BC2CCC2}.Release|Win32.Build.0 = Release|Win32
		{0FA3BAC0-0FBA-49FB-BFF7-D4345BC2CCC2}.Release|x64.ActiveCfg = Release|Win32
		{0FA3BAC0-0FBA-49FB-BFF7-D4345BC2CCC2}.Unit_Test|Win32.ActiveCfg = Release|Win32
		{0FA3BAC0-0FBA-49FB-BFF7-D4345BC2CCC2}.Unit_Test|Win32.Build.0 = Release|Win32
		{0FA3BAC0-0FBA-49FB-BFF7-D4345BC2CCC2}.Unit_Test|x64.ActiveCfg = Release|Win32
		{1BABF8C0-9568-43E3-9E07-E7852E353B4A}.DbgRelease|Win32.ActiveCfg = Release|Win32
		{1BABF8C0-9568-43E3-9E07-E7852E353B4A}.DbgRelease|Win32.Build.0 = Release|Win32
		{1BABF8C0-9568-43E3-9E07-E7852E353B4A}.DbgRelease|x64.ActiveCfg = Release|Win32
		{1BABF8C0-9568-43E3-9E07-E7852E353B4A}.Debug|Win32.ActiveCfg = Debug|Win32
		{1BABF8C0-9568-43E3-9E07-E7852E353B4A}.Debug|Win32.Build.0 = Debug|Win32
		{1BABF8C0-9568-43E3-9E07-E7852E353B4A}.Debug|x64.ActiveCfg = Debug|Win32
		{1BABF8C0-9568-43E3-9E07-E7852E353B4A}.Release|Win32.ActiveCfg = Release|Win32
		{1BABF8C0-9568-43E3-9E07-E7852E353B4A}.Release|Win32.Build.0 = Release|Win32
		{1BABF8C0-9568-43E3-9E07-E7852E353B4A}.Release|x64.ActiveCfg = Release|Win32
		{1BABF8C0-9568-43E3-9E07-E7852E353B4A}.Unit_Test|Win32.ActiveCfg = Release|Win32
		{1BABF8C0-9568-43E3-9E07-E7852E353B4A}.Unit_Test|Win32.Build.0 = Release|Win32
		{1BABF8C0-9568-43E3-9E07-E7852E353B4A}.Unit_Test|x64.ActiveCfg = Release|Win32
		{0946B82D-46C5-4EEE-8FC9-884CBDBC4EAB}.DbgRelease|Win32.ActiveCfg = ReleaseMFCShared|Win32
		{0946B82D-46C5-4EEE-8FC9-884CBDBC4EAB}.DbgRelease|Win32.Build.0 = ReleaseMFCShared|Win32
		{0946B82D-46C5-4EEE-8FC9-884CBDBC4EAB}.DbgRelease|x64.ActiveCfg = UnicodeReleaseMFCShared|Win32
		{0946B82D-46C5-4EEE-8FC9-884CBDBC4EAB}.Debug|Win32.ActiveCfg = DebugMFCShared|Win32
		{0946B82D-46C5-4EEE-8FC9-884CBDBC4EAB}.Debug|Win32.Build.0 = DebugMFCShared|Win32
		{0946B82D-46C5-4EEE-8FC9-884CBDBC4EAB}.Debug|x64.ActiveCfg = UnicodeReleaseMFCShared|Win32
		{0946B82D-46C5-4EEE-8FC9-884CBDBC4EAB}.Release|Win32.ActiveCfg = ReleaseMFCShared|Win32
		{0946B82D-46C5-4EEE-8FC9-884CBDBC4EAB}.Release|Win32.Build.0 = ReleaseMFCShared|Win32
		{0946B82D-46C5-4EEE-8FC9-884CBDBC4EAB}.Release|x64.ActiveCfg = UnicodeReleaseMFCShared|Win32
		{0946B82D-46C5-4EEE-8FC9-884CBDBC4EAB}.Unit_Test|Win32.ActiveCfg = ReleaseMFCShared|Win32
		{0946B82D-46C5-4EEE-8FC9-884CBDBC4EAB}.Unit_Test|Win32.Build.0 = ReleaseMFCShared|Win32
		{0946B82D-46C5-4EEE-8FC9-884CBDBC4EAB}.Unit_Test|x64.ActiveCfg = UnicodeReleaseMFCShared|Win32
		{1A6EA4DA-F267-44C6-8210-1EB768B93DE4}.DbgRelease|Win32.ActiveCfg = Release|Win32
		{1A6EA4DA-F267-44C6-8210-1EB768B93DE4}.DbgRelease|Win32.Build.0 = Release|Win32
		{1A6EA4DA-F267-44C6-8210-1EB768B93DE4}.DbgRelease|x64.ActiveCfg = Release|Win32
		{1A6EA4DA-F267-44C6-8210-1EB768B93DE4}.Debug|Win32.ActiveCfg = Debug|Win32
		{1A6EA4DA-F267-44C6-8210-1EB768B93DE4}.Debug|Win32.Build.0 = Debug|Win32
		{1A6EA4DA-F267-44C6-8210-1EB768B93DE4}.Debug|x64.ActiveCfg = Debug|Win32
		{1A6EA4DA-F267-44C6-8210-1EB768B93DE4}.Release|Win32.ActiveCfg = Release|Win32
		{1A6EA4DA-F267-44C6-8210-1EB768B93DE4}.Release|Win32.Build.0 = Release|Win32
		{1A6EA4DA-F267-44C6-8210-1EB768B93DE4}.Release|x64.ActiveCfg = Release|Win32
		{1A6EA4DA-F267-44C6-8210-1EB768B93DE4}.Unit_Test|Win32.ActiveCfg = Release|Win32
		{1A6EA4DA-F267-44C6-8210-1EB768B93DE4}.Unit_Test|Win32.Build.0 = Release|Win32
		{1A6EA4DA-F267-44C6-8210-1EB768B93DE4}.Unit_Test|x64.ActiveCfg = Release|Win32
		{3CCF5466-E3A1-4D18-A0B7-55086C237839}.DbgRelease|Win32.ActiveCfg = Release|Win32
		{3CCF5466-E3A1-4D18-A0B7-55086C237839}.DbgRelease|Win32.Build.0 = Release|Win32
		{3CCF5466-E3A1-4D18-A0B7-55086C237839}.DbgRelease|x64.ActiveCfg = Release|Win32
		{3CCF5466-E3A1-4D18-A0B7-55086C237839}.Debug|Win32.ActiveCfg = Debug|Win32
		{3CCF5466-E3A1-4D18-A0B7-55086C237839}.Debug|Win32.Build.0 = Debug|Win32
		{3CCF5466-E3A1-4D18-A0B7-55086C237839}.Debug|x64.ActiveCfg = Debug|Win32
		{3CCF5466-E3A1-4D18-A0B7-55086C237839}.Release|Win32.ActiveCfg = Release|Win32
		{3CCF5466-E3A1-4D18-A0B7-55086C237839}.Release|Win32.Build.0 = Release|Win32
		{3CCF5466-E3A1-4D18-A0B7-55086C237839}.Release|x64.ActiveCfg = Release|Win32
		{3CCF5466-E3A1-4D18-A0B7-55086C237839}.Unit_Test|Win32.ActiveCfg = Release|Win32
		{3CCF5466-E3A1-4D18-A0B7-55086C237839}.Unit_Test|Win32.Build.0 = Release|Win32
		{3CCF5466-E3A1-4D18-A0B7-55086C237839}.Unit_Test|x64.ActiveCfg = Release|Win32
		{D2D8F915-4D73-4A4F-881A-F23A2DE72CDA}.DbgRelease|Win32.ActiveCfg = Release|Win32
		{D2D8F915-4D73-4A4F-881A-F23A2DE72CDA}.DbgRelease|Win32.Build.0 = Release|Win32
		{D2D8F915-4D73-4A4F-881A-F23A2DE72CDA}.DbgRelease|x64.ActiveCfg = Release|Win32
		{D2D8F915-4D73-4A4F-881A-F23A2DE72CDA}.Debug|Win32.ActiveCfg = Debug|Win32
		{D2D8F915-4D73-4A4F-881A-F23A2DE72CDA}.Debug|Win32.Build.0 = Debug|Win32
		{D2D8F915-4D73-4A4F-881A-F23A2DE72CDA}.Debug|x64.ActiveCfg = Debug|Win32
		{D2D8F915-4D73-4A4F-881A-F23A2DE72CDA}.Release|Win32.ActiveCfg = Release|Win32
		{D2D8F915-4D73-4A4F-881A-F23A2DE72CDA}.Release|Win32.Build.0 = Release|Win32
		{D2D8F915-4D73-4A4F-881A-F23A2DE72CDA}.Release|x64.ActiveCfg = Release|Win32
		{D2D8F915-4D73-4A4F-881A-F23A2DE72CDA}.Unit_Test|Win32.ActiveCfg = Debug|Win32
		{D2D8F915-4D73-4A4F-881A-F23A2DE72CDA}.Unit_Test|Win32.Build.0 = Debug|Win32
		{D2D8F915-4D73-4A4F-881A-F23A2DE72CDA}.Unit_Test|x64.ActiveCfg = Debug|Win32
		{7F66CFE9-437B-40FB-806C-F571395A70AC}.DbgRelease|Win32.ActiveCfg = Release|Win32
		{7F66CFE9-437B-40FB-806C-F571395A70AC}.DbgRelease|Win32.Build.0 = Release|Win32
		{7F66CFE9-437B-40FB-806C-F571395A70AC}.DbgRelease|x64.ActiveCfg = Release|Win32
		{7F66CFE9-437B-40FB-806C-F571395A70AC}.Debug|Win32.ActiveCfg = Debug|Win32
		{7F66CFE9-437B-40FB-806C-F571395A70AC}.Debug|Win32.Build.0 = Debug|Win32
		{7F66CFE9-437B-40FB-806C-F571395A70AC}.Debug|x64.ActiveCfg = Debug|Win32
		{7F66CFE9-437B-40FB-806C-F571395A70AC}.Release|Win32.ActiveCfg = Release|Win32
		{7F66CFE9-437B-40FB-806C-F571395A70AC}.Release|Win32.Build.0 = Release|Win32
		{7F66CFE9-437B-40FB-806C-F571395A70AC}.Release|x64.ActiveCfg = Release|Win32
		{7F66CFE9-437B-40FB-806C-F571395A70AC}.Unit_Test|Win32.ActiveCfg = Release|Win32
		{7F66CFE9-437B-40FB-806C-F571395A70AC}.Unit_Test|Win32.Build.0 = Release|Win32
		{7F66CFE9-437B-40FB-806C-F571395A70AC}.Unit_Test|x64.ActiveCfg = Release|Win32
		{2B38CF9F-6045-47FE-B05B-91367253DDB1}.DbgRelease|Win32.ActiveCfg = Release|Win32
		{2B38CF9F-6045-47FE-B05B-91367253DDB1}.DbgRelease|Win32.Build.0 = Release|Win32
		{2B38CF9F-6045-47FE-B05B-91367253DDB1}.DbgRelease|x64.ActiveCfg = Release|Win32
		{2B38CF9F-6045-47FE-B05B-91367253DDB1}.Debug|Win32.ActiveCfg = Debug|Win32
		{2B38CF9F-6045-47FE-B05B-91367253DDB1}.Debug|Win32.Build.0 = Debug|Win32
		{2B38CF9F-6045-47FE-B05B-91367253DDB1}.Debug|x64.ActiveCfg = Debug|Win32
		{2B38CF9F-6045-47FE-B05B-91367253DDB1}.Release|Win32.ActiveCfg = Release|Win32
		{2B38CF9F-6045-47FE-B05B-91367253DDB1}.Release|Win32.Build.0 = Release|Win32
		{2B38CF9F-6045-47FE-B05B-91367253DDB1}.Release|x64.ActiveCfg = Release|Win32
		{2B38CF9F-6045-47FE-B05B-91367253DDB1}.Unit_Test|Win32.ActiveCfg = Release|Win32
		{2B38CF9F-6045-47FE-B05B-91367253DDB1}.Unit_Test|Win32.Build.0 = Release|Win32
		{2B38CF9F-6045-47FE-B05B-91367253DDB1}.Unit_Test|x64.ActiveCfg = Release|Win32
		{6E3DFA1C-FA1E-4432-BE25-35BC391F3BC8}.DbgRelease|Win32.ActiveCfg = Release|Win32
		{6E3DFA1C-FA1E-4432-BE25-35BC391F3BC8}.DbgRelease|Win32.Build.0 = Release|Win32
		{6E3DFA1C-FA1E-4432-BE25-35BC391F3BC8}.DbgRelease|x64.ActiveCfg = Release|Win32
		{6E3DFA1C-FA1E-4432-BE25-35BC391F3BC8}.Debug|Win32.ActiveCfg = Debug|Win32
		{6E3DFA1C-FA1E-4432-BE25-35BC391F3BC8}.Debug|Win32.Build.0 = Debug|Win32
		{6E3DFA1C-FA1E-4432-BE25-35BC391F3BC8}.Debug|x64.ActiveCfg = Debug|Win32
		{6E3DFA1C-FA1E-4432-BE25-35BC391F3BC8}.Release|Win32.ActiveCfg = Release|Win32
		{6E3DFA1C-FA1E-4432-BE25-35BC391F3BC8}.Release|Win32.Build.0 = Release|Win32
		{6E3DFA1C-FA1E-4432-BE25-35BC391F3BC8}.Release|x64.ActiveCfg = Release|Win32
		{6E3DFA1C-FA1E-4432-BE25-35BC391F3BC8}.Unit_Test|Win32.ActiveCfg = Release|Win32
		{6E3DFA1C-FA1E-4432-BE25-35BC391F3BC8}.Unit_Test|Win32.Build.0 = Release|Win32
		{6E3DFA1C-FA1E-4432-BE25-35BC391F3BC8}.Unit_Test|x64.ActiveCfg = Release|Win32
		{58E06326-B5E3-4721-A1AE-5A1B73D80B93}.DbgRelease|Win32.ActiveCfg = DbgRelease|Win32
		{58E06326-B5E3-4721-A1AE-5A1B73D80B93}.DbgRelease|Win32.Build.0 = DbgRelease|Win32
		{58E06326-B5E3-4721-A1AE-5A1B73D80B93}.DbgRelease|x64.ActiveCfg = DbgRelease|Win32
		{58E06326-B5E3-4721-A1AE-5A1B73D80B93}.Debug|Win32.ActiveCfg = Unicode Debug|Win32
		{58E06326-B5E3-4721-A1AE-5A1B73D80B93}.Debug|Win32.Build.0 = Unicode Debug|Win32
		{58E06326-B5E3-4721-A1AE-5A1B73D80B93}.Debug|x64.ActiveCfg = Debug|Win32
		{58E06326-B5E3-4721-A1AE-5A1B73D80B93}.Release|Win32.ActiveCfg = Unicode Release|Win32
		{58E06326-B5E3-4721-A1AE-5A1B73D80B93}.Release|Win32.Build.0 = Unicode Release|Win32
		{58E06326-B5E3-4721-A1AE-5A1B73D80B93}.Release|x64.ActiveCfg = Release|Win32
		{58E06326-B5E3-4721-A1AE-5A1B73D80B93}.Unit_Test|Win32.ActiveCfg = Unicode Release|Win32
		{58E06326-B5E3-4721-A1AE-5A1B73D80B93}.Unit_Test|Win32.Build.0 = Unicode Release|Win32
		{58E06326-B5E3-4721-A1AE-5A1B73D80B93}.Unit_Test|x64.ActiveCfg = Unicode Release|Win32
		{CED5CF55-DF0C-4865-90AB-CF2EC25A2510}.DbgRelease|Win32.ActiveCfg = DbgRelease|Win32
		{CED5CF55-DF0C-4865-90AB-CF2EC25A2510}.DbgRelease|Win32.Build.0 = DbgRelease|Win32
		{CED5CF55-DF0C-4865-90AB-CF2EC25A2510}.DbgRelease|x64.ActiveCfg = Release|Win32
		{CED5CF55-DF0C-4865-90AB-CF2EC25A2510}.Debug|Win32.ActiveCfg = Unicode Debug|Win32
		{CED5CF55-DF0C-4865-90AB-CF2EC25A2510}.Debug|Win32.Build.0 = Unicode Debug|Win32
		{CED5CF55-DF0C-4865-90AB-CF2EC25A2510}.Debug|x64.ActiveCfg = Debug|Win32
		{CED5CF55-DF0C-4865-90AB-CF2EC25A2510}.Release|Win32.ActiveCfg = Unicode Release|Win32
		{CED5CF55-DF0C-4865-90AB-CF2EC25A2510}.Release|Win32.Build.0 = Unicode Release|Win32
		{CED5CF55-DF0C-4865-90AB-CF2EC25A2510}.Release|x64.ActiveCfg = Release|Win32
		{CED5CF55-DF0C-4865-90AB-CF2EC25A2510}.Unit_Test|Win32.ActiveCfg = Unicode Release|Win32
		{CED5CF55-DF0C-4865-90AB-CF2EC25A2510}.Unit_Test|Win32.Build.0 = Unicode Release|Win32
		{CED5CF55-DF0C-4865-90AB-CF2EC25A2510}.Unit_Test|x64.ActiveCfg = Unicode Release|Win32
		{65B587D0-E310-4550-8E58-77EAF9501E92}.DbgRelease|Win32.ActiveCfg = DbgRelease|Win32
		{65B587D0-E310-4550-8E58-77EAF9501E92}.DbgRelease|Win32.Build.0 = DbgRelease|Win32
		{65B587D0-E310-4550-8E58-77EAF9501E92}.DbgRelease|x64.ActiveCfg = DbgRelease|Win32
		{65B587D0-E310-4550-8E58-77EAF9501E92}.Debug|Win32.ActiveCfg = Debug|Win32
		{65B587D0-E310-4550-8E58-77EAF9501E92}.Debug|Win32.Build.0 = Debug|Win32
		{65B587D0-E310-4550-8E58-77EAF9501E92}.Debug|x64.ActiveCfg = Debug|Win32
		{65B587D0-E310-4550-8E58-77EAF9501E92}.Release|Win32.ActiveCfg = Release|Win32
		{65B587D0-E310-4550-8E58-77EAF9501E92}.Release|Win32.Build.0 = Release|Win32
		{65B587D0-E310-4550-8E58-77EAF9501E92}.Release|x64.ActiveCfg = Release|Win32
		{65B587D0-E310-4550-8E58-77EAF9501E92}.Unit_Test|Win32.ActiveCfg = DbgRelease_NoAudio|Win32
		{65B587D0-E310-4550-8E58-77EAF9501E92}.Unit_Test|Win32.Build.0 = DbgRelease_NoAudio|Win32
		{65B587D0-E310-4550-8E58-77EAF9501E92}.Unit_Test|x64.ActiveCfg = DbgRelease_NoAudio|Win32
		{F269CB2A-43E8-4C03-A04C-EDC752E8B0B8}.DbgRelease|Win32.ActiveCfg = DbgRelease|Win32
		{F269CB2A-43E8-4C03-A04C-EDC752E8B0B8}.DbgRelease|Win32.Build.0 = DbgRelease|Win32
		{F269CB2A-43E8-4C03-A04C-EDC752E8B0B8}.DbgRelease|x64.ActiveCfg = DbgRelease|Win32
		{F269CB2A-43E8-4C03-A04C-EDC752E8B0B8}.Debug|Win32.ActiveCfg = Debug|Win32
		{F269CB2A-43E8-4C03-A04C-EDC752E8B0B8}.Debug|Win32.Build.0 = Debug|Win32
		{F269CB2A-43E8-4C03-A04C-EDC752E8B0B8}.Debug|x64.ActiveCfg = Debug|Win32
		{F269CB2A-43E8-4C03-A04C-EDC752E8B0B8}.Release|Win32.ActiveCfg = Release|Win32
		{F269CB2A-43E8-4C03-A04C-EDC752E8B0B8}.Release|Win32.Build.0 = Release|Win32
		{F269CB2A-43E8-4C03-A04C-EDC752E8B0B8}.Release|x64.ActiveCfg = Release|Win32
		{F269CB2A-43E8-4C03-A04C-EDC752E8B0B8}.Unit_Test|Win32.ActiveCfg = UnicodeEditorRelease|Win32
		{F269CB2A-43E8-4C03-A04C-EDC752E8B0B8}.Unit_Test|Win32.Build.0 = UnicodeEditorRelease|Win32
		{F269CB2A-43E8-4C03-A04C-EDC752E8B0B8}.Unit_Test|x64.ActiveCfg = UnicodeEditorRelease|Win32
		{2523ECE5-C771-457F-9405-7BFA5DE1DB50}.DbgRelease|Win32.ActiveCfg = Release|Win32
		{2523ECE5-C771-457F-9405-7BFA5DE1DB50}.DbgRelease|Win32.Build.0 = Release|Win32
		{2523ECE5-C771-457F-9405-7BFA5DE1DB50}.DbgRelease|x64.ActiveCfg = Release|Win32
		{2523ECE5-C771-457F-9405-7BFA5DE1DB50}.Debug|Win32.ActiveCfg = Debug|Win32
		{2523ECE5-C771-457F-9405-7BFA5DE1DB50}.Debug|Win32.Build.0 = Debug|Win32
		{2523ECE5-C771-457F-9405-7BFA5DE1DB50}.Debug|x64.ActiveCfg = Debug|Win32
		{2523ECE5-C771-457F-9405-7BFA5DE1DB50}.Release|Win32.ActiveCfg = Release|Win32
		{2523ECE5-C771-457F-9405-7BFA5DE1DB50}.Release|Win32.Build.0 = Release|Win32
		{2523ECE5-C771-457F-9405-7BFA5DE1DB50}.Release|x64.ActiveCfg = Release|Win32
		{2523ECE5-C771-457F-9405-7BFA5DE1DB50}.Unit_Test|Win32.ActiveCfg = Release|Win32
		{2523ECE5-C771-457F-9405-7BFA5DE1DB50}.Unit_Test|Win32.Build.0 = Release|Win32
		{2523ECE5-C771-457F-9405-7BFA5DE1DB50}.Unit_Test|x64.ActiveCfg = Release|Win32
		{5E35DC0D-055F-4A9F-8E3B-68C11766242E}.DbgRelease|Win32.ActiveCfg = Release|Win32
		{5E35DC0D-055F-4A9F-8E3B-68C11766242E}.DbgRelease|Win32.Build.0 = Release|Win32
		{5E35DC0D-055F-4A9F-8E3B-68C11766242E}.DbgRelease|x64.ActiveCfg = Release|Win32
		{5E35DC0D-055F-4A9F-8E3B-68C11766242E}.Debug|Win32.ActiveCfg = Debug|Win32
		{5E35DC0D-055F-4A9F-8E3B-68C11766242E}.Debug|Win32.Build.0 = Debug|Win32
		{5E35DC0D-055F-4A9F-8E3B-68C11766242E}.Debug|x64.ActiveCfg = Debug|Win32
		{5E35DC0D-055F-4A9F-8E3B-68C11766242E}.Release|Win32.ActiveCfg = Release|Win32
		{5E35DC0D-055F-4A9F-8E3B-68C11766242E}.Release|Win32.Build.0 = Release|Win32
		{5E35DC0D-055F-4A9F-8E3B-68C11766242E}.Release|x64.ActiveCfg = Release|Win32
		{5E35DC0D-055F-4A9F-8E3B-68C11766242E}.Unit_Test|Win32.ActiveCfg = Release|Win32
		{5E35DC0D-055F-4A9F-8E3B-68C11766242E}.Unit_Test|Win32.Build.0 = Release|Win32
		{5E35DC0D-055F-4A9F-8E3B-68C11766242E}.Unit_Test|x64.ActiveCfg = Release|Win32
		{2ABBC55B-6402-412E-87A2-3261DF3C55FA}.DbgRelease|Win32.ActiveCfg = Release|Win32
		{2ABBC55B-6402-412E-87A2-3261DF3C55FA}.DbgRelease|Win32.Build.0 = Release|Win32
		{2ABBC55B-6402-412E-87A2-3261DF3C55FA}.DbgRelease|x64.ActiveCfg = Release|Win32
		{2ABBC55B-6402-412E-87A2-3261DF3C55FA}.Debug|Win32.ActiveCfg = Debug|Win32
		{2ABBC55B-6402-412E-87A2-3261DF3C55FA}.Debug|Win32.Build.0 = Debug|Win32
		{2ABBC55B-6402-412E-87A2-3261DF3C55FA}.Debug|x64.ActiveCfg = Debug|Win32
		{2ABBC55B-6402-412E-87A2-3261DF3C55FA}.Release|Win32.ActiveCfg = Release|Win32
		{2ABBC55B-6402-412E-87A2-3261DF3C55FA}.Release|Win32.Build.0 = Release|Win32
		{2ABBC55B-6402-412E-87A2-3261DF3C55FA}.Release|x64.ActiveCfg = Release|Win32
		{2ABBC55B-6402-412E-87A2-3261DF3C55FA}.Unit_Test|Win32.ActiveCfg = Debug|Win32
		{2ABBC55B-6402-412E-87A2-3261DF3C55FA}.Unit_Test|Win32.Build.0 = Debug|Win32
		{2ABBC55B-6402-412E-87A2-3261DF3C55FA}.Unit_Test|x64.ActiveCfg = Debug|Win32
		{A488FB05-EEF1-41DF-9B0F-E66A59FFC706}.DbgRelease|Win32.ActiveCfg = Release|Win32
		{A488FB05-EEF1-41DF-9B0F-E66A59FFC706}.DbgRelease|Win32.Build.0 = Release|Win32
		{A488FB05-EEF1-41DF-9B0F-E66A59FFC706}.DbgRelease|x64.ActiveCfg = Release|Win32
		{A488FB05-EEF1-41DF-9B0F-E66A59FFC706}.Debug|Win32.ActiveCfg = Debug|Win32
		{A488FB05-EEF1-41DF-9B0F-E66A59FFC706}.Debug|Win32.Build.0 = Debug|Win32
		{A488FB05-EEF1-41DF-9B0F-E66A59FFC706}.Debug|x64.ActiveCfg = Debug|Win32
		{A488FB05-EEF1-41DF-9B0F-E66A59FFC706}.Release|Win32.ActiveCfg = Release|Win32
		{A488FB05-EEF1-41DF-9B0F-E66A59FFC706}.Release|Win32.Build.0 = Release|Win32
		{A488FB05-EEF1-41DF-9B0F-E66A59FFC706}.Release|x64.ActiveCfg = Release|Win32
		{A488FB05-EEF1-41DF-9B0F-E66A59FFC706}.Unit_Test|Win32.ActiveCfg = Release|Win32
		{A488FB05-EEF1-41DF-9B0F-E66A59FFC706}.Unit_Test|Win32.Build.0 = Release|Win32
		{A488FB05-EEF1-41DF-9B0F-E66A59FFC706}.Unit_Test|x64.ActiveCfg = Release|Win32
	EndGlobalSection
	GlobalSection(SolutionProperties) = preSolution
		HideSolutionNode = FALSE
	EndGlobalSection
	GlobalSection(NestedProjects) = preSolution
		{ADE5EBC0-F428-46AD-AF19-15DB626F2070} = {7F380F69-74FD-4586-B158-4B3CFBCEA3BB}
		{7BD5E83F-85A2-4861-B978-62A2D841EE15} = {7F380F69-74FD-4586-B158-4B3CFBCEA3BB}
		{1BABF8C0-9568-43E3-9E07-E7852E353B4A} = {7F380F69-74FD-4586-B158-4B3CFBCEA3BB}
		{1A6EA4DA-F267-44C6-8210-1EB768B93DE4} = {7F380F69-74FD-4586-B158-4B3CFBCEA3BB}
		{D2D8F915-4D73-4A4F-881A-F23A2DE72CDA} = {7F380F69-74FD-4586-B158-4B3CFBCEA3BB}
		{7F66CFE9-437B-40FB-806C-F571395A70AC} = {7F380F69-74FD-4586-B158-4B3CFBCEA3BB}
		{2B38CF9F-6045-47FE-B05B-91367253DDB1} = {7F380F69-74FD-4586-B158-4B3CFBCEA3BB}
		{2ABBC55B-6402-412E-87A2-3261DF3C55FA} = {7F380F69-74FD-4586-B158-4B3CFBCEA3BB}
		{A488FB05-EEF1-41DF-9B0F-E66A59FFC706} = {7F380F69-74FD-4586-B158-4B3CFBCEA3BB}
		{3D595471-3B92-4B8F-A277-D5C8600B09FC} = {7DA190DB-9A5A-48D7-B539-5DF1437D3284}
		{0FA3BAC0-0FBA-49FB-BFF7-D4345BC2CCC2} = {7DA190DB-9A5A-48D7-B539-5DF1437D3284}
		{0946B82D-46C5-4EEE-8FC9-884CBDBC4EAB} = {7DA190DB-9A5A-48D7-B539-5DF1437D3284}
		{3CCF5466-E3A1-4D18-A0B7-55086C237839} = {7DA190DB-9A5A-48D7-B539-5DF1437D3284}
		{6E3DFA1C-FA1E-4432-BE25-35BC391F3BC8} = {7DA190DB-9A5A-48D7-B539-5DF1437D3284}
		{5E35DC0D-055F-4A9F-8E3B-68C11766242E} = {7DA190DB-9A5A-48D7-B539-5DF1437D3284}
		{CED5CF55-DF0C-4865-90AB-CF2EC25A2510} = {BEE461D2-383C-4901-B40A-4C91DAFDA667}
		{58E06326-B5E3-4721-A1AE-5A1B73D80B93} = {BEE461D2-383C-4901-B40A-4C91DAFDA667}
		{65B587D0-E310-4550-8E58-77EAF9501E92} = {BEE461D2-383C-4901-B40A-4C91DAFDA667}
		{F269CB2A-43E8-4C03-A04C-EDC752E8B0B8} = {BEE461D2-383C-4901-B40A-4C91DAFDA667}
		{2523ECE5-C771-457F-9405-7BFA5DE1DB50} = {BEE461D2-383C-4901-B40A-4C91DAFDA667}
	EndGlobalSection
	GlobalSection(DPCodeReviewSolutionGUID) = preSolution
		DPCodeReviewSolutionGUID = {00000000-0000-0000-0000-000000000000}
	EndGlobalSection
EndGlobal
